{
  "name": "instant_runoff",
  "version": "1.0.0",
  "lockfileVersion": 3,
  "requires": true,
  "packages": {
    "": {
      "name": "instant_runoff",
      "version": "1.0.0",
      "license": "ISC",
      "dependencies": {
        "@mdpdf/mdpdf": "^0.1.4",
        "@types/node": "^25.3.0",
        "@typescript/native-preview": "^7.0.0-dev.20260222.1"
      }
    },
    "node_modules/@mdpdf/mdpdf": {
      "version": "0.1.4",
      "resolved": "https://registry.npmjs.org/@mdpdf/mdpdf/-/mdpdf-0.1.4.tgz",
      "integrity": "sha512-xGaqXEsuIylP0lQiA17BLb7ERMvcY3VRuyBOGbTRu6TjgrX4BZHPdoi6oUCUOi8sV/vZJYnjy7Xo/b/cX9lzsQ==",
      "license": "MIT",
      "engines": {
        "node": ">= 18.17.0 < 19 || >= 20.3.0 < 21 || >= 21.0.0"
      },
      "optionalDependencies": {
        "@mdpdf/mdpdf-darwin-arm64": "0.1.4",
        "@mdpdf/mdpdf-darwin-x64": "0.1.4",
        "@mdpdf/mdpdf-linux-arm64-gnu": "0.1.4",
        "@mdpdf/mdpdf-linux-x64-gnu": "0.1.4",
        "@mdpdf/mdpdf-linux-x64-musl": "0.1.4",
        "@mdpdf/mdpdf-win32-x64-msvc": "0.1.4"
      }
    },
    "node_modules/@mdpdf/mdpdf-darwin-arm64": {
      "version": "0.1.4",
      "resolved": "https://registry.npmjs.org/@mdpdf/mdpdf-darwin-arm64/-/mdpdf-darwin-arm64-0.1.4.tgz",
      "integrity": "sha512-WVfKlZgboAvudJHCr7PTdGgKNEUIUWwW/Md4MTzXamKfcfvJ6ORm8vQ6wx0jmfjBH1UwjqnINlxxYEUt1Jf7dw==",
      "cpu": [
        "arm64"
      ],
      "license": "MIT",
      "optional": true,
      "os": [
        "darwin"
      ],
      "engines": {
        "node": ">= 18.17.0 < 19 || >= 20.3.0 < 21 || >= 21.0.0"
      }
    },
    "node_modules/@mdpdf/mdpdf-darwin-x64": {
      "version": "0.1.4",
      "resolved": "https://registry.npmjs.org/@mdpdf/mdpdf-darwin-x64/-/mdpdf-darwin-x64-0.1.4.tgz",
      "integrity": "sha512-tDaEuVhuFagWmSJuS44HeG4S2VzsMCV30JaF+1zMGKxnGYtuXEL+q+Lklvt1T6JkaHaZjHVEA5klz1XXTNDDHA==",
      "cpu": [
        "x64"
      ],
      "license": "MIT",
      "optional": true,
      "os": [
        "darwin"
      ],
      "engines": {
        "node": ">= 18.17.0 < 19 || >= 20.3.0 < 21 || >= 21.0.0"
      }
    },
    "node_modules/@mdpdf/mdpdf-linux-arm64-gnu": {
      "version": "0.1.4",
      "resolved": "https://registry.npmjs.org/@mdpdf/mdpdf-linux-arm64-gnu/-/mdpdf-linux-arm64-gnu-0.1.4.tgz",
      "integrity": "sha512-Rhy5DI3uwKNjeS+JW33CZdguFYZ0uRmc5iOLDdHl2bvmDPUzfAQSD1g6KJtqrqyDXbTe2N9jP+NOCVtkOSpw3Q==",
      "cpu": [
        "arm64"
      ],
      "license": "MIT",
      "optional": true,
      "os": [
        "linux"
      ],
      "engines": {
        "node": ">= 18.17.0 < 19 || >= 20.3.0 < 21 || >= 21.0.0"
      }
    },
    "node_modules/@mdpdf/mdpdf-linux-x64-gnu": {
      "version": "0.1.4",
      "resolved": "https://registry.npmjs.org/@mdpdf/mdpdf-linux-x64-gnu/-/mdpdf-linux-x64-gnu-0.1.4.tgz",
      "integrity": "sha512-NWpMYDBr1z59H9GlQdBizI8H8ODygui7j9NHpn2qiMrcnMvPBtmkH84YaXSHSYmUQ41UafRA/bnY5h5tkQb+Bw==",
      "cpu": [
        "x64"
      ],
      "license": "MIT",
      "optional": true,
      "os": [
        "linux"
      ],
      "engines": {
        "node": ">= 18.17.0 < 19 || >= 20.3.0 < 21 || >= 21.0.0"
      }
    },
    "node_modules/@mdpdf/mdpdf-linux-x64-musl": {
      "version": "0.1.4",
      "resolved": "https://registry.npmjs.org/@mdpdf/mdpdf-linux-x64-musl/-/mdpdf-linux-x64-musl-0.1.4.tgz",
      "integrity": "sha512-dwwVfZpNONyYUFkFjrgRq5igEVqCMetkYR+cCmH0fD6b0mq2gsa7/mrSUPZGX5sz/dJ5hePmJb2hRBIL9Fu3yQ==",
      "cpu": [
        "x64"
      ],
      "license": "MIT",
      "optional": true,
      "os": [
        "linux"
      ],
      "engines": {
        "node": ">= 18.17.0 < 19 || >= 20.3.0 < 21 || >= 21.0.0"
      }
    },
    "node_modules/@mdpdf/mdpdf-win32-x64-msvc": {
      "version": "0.1.4",
      "resolved": "https://registry.npmjs.org/@mdpdf/mdpdf-win32-x64-msvc/-/mdpdf-win32-x64-msvc-0.1.4.tgz",
      "integrity": "sha512-NQBTbhbe+i1HjC4F4WXDiYiItBm0j3LFVpz3uaZgz88umF656j0n4YgOeJKRRx6S4k+l3nzvu19GFoR3ocHLdg==",
      "cpu": [
        "x64"
      ],
      "license": "MIT",
      "optional": true,
      "os": [
        "win32"
      ],
      "engines": {
        "node": ">= 18.17.0 < 19 || >= 20.3.0 < 21 || >= 21.0.0"
      }
    },
    "node_modules/@types/node": {
      "version": "25.3.0",
      "resolved": "https://registry.npmjs.org/@types/node/-/node-25.3.0.tgz",
      "integrity": "sha512-4K3bqJpXpqfg2XKGK9bpDTc6xO/xoUP/RBWS7AtRMug6zZFaRekiLzjVtAoZMquxoAbzBvy5nxQ7veS5eYzf8A==",
      "license": "MIT",
      "dependencies": {
        "undici-types": "~7.18.0"
      }
    },
    "node_modules/@typescript/native-preview": {
      "version": "7.0.0-dev.20260222.1",
      "resolved": "https://registry.npmjs.org/@typescript/native-preview/-/native-preview-7.0.0-dev.20260222.1.tgz",
      "integrity": "sha512-Uxon0iNhNqH/HkWvKmTmr7d5TJp6yomoyFHNpLIEghy91/DNWEtKMuLjNDYPFcoNxWpuJW9vuWTWeu3mcqT94Q==",
      "license": "Apache-2.0",
      "bin": {
        "tsgo": "bin/tsgo.js"
      },
      "optionalDependencies": {
        "@typescript/native-preview-darwin-arm64": "7.0.0-dev.20260222.1",
        "@typescript/native-preview-darwin-x64": "7.0.0-dev.20260222.1",
        "@typescript/native-preview-linux-arm": "7.0.0-dev.20260222.1",
        "@typescript/native-preview-linux-arm64": "7.0.0-dev.20260222.1",
        "@typescript/native-preview-linux-x64": "7.0.0-dev.20260222.1",
        "@typescript/native-preview-win32-arm64": "7.0.0-dev.20260222.1",
        "@typescript/native-preview-win32-x64": "7.0.0-dev.20260222.1"
      }
    },
    "node_modules/@typescript/native-preview-darwin-arm64": {
      "version": "7.0.0-dev.20260222.1",
      "resolved": "https://registry.npmjs.org/@typescript/native-preview-darwin-arm64/-/native-preview-darwin-arm64-7.0.0-dev.20260222.1.tgz",
      "integrity": "sha512-aXfK/s3QlbzXvZoFQ07KJDNx86q61nCITSreqLytnqjhjsXUUuMACsxjy/YsReLG2bdii+mHTA2WB2IB0LKKGA==",
      "cpu": [
        "arm64"
      ],
      "license": "Apache-2.0",
      "optional": true,
      "os": [
        "darwin"
      ]
    },
    "node_modules/@typescript/native-preview-darwin-x64": {
      "version": "7.0.0-dev.20260222.1",
      "resolved": "https://registry.npmjs.org/@typescript/native-preview-darwin-x64/-/native-preview-darwin-x64-7.0.0-dev.20260222.1.tgz",
      "integrity": "sha512-+bHnCeONX47pmVXTt6kuwxiLayDVqkLtshjqpqthXMWFFGk+1K/5ASbFEb2FumSABgB9hQ/xqkjj5QHUgGmbPg==",
      "cpu": [
        "x64"
      ],
      "license": "Apache-2.0",
      "optional": true,
      "os": [
        "darwin"
      ]
    },
    "node_modules/@typescript/native-preview-linux-arm": {
      "version": "7.0.0-dev.20260222.1",
      "resolved": "https://registry.npmjs.org/@typescript/native-preview-linux-arm/-/native-preview-linux-arm-7.0.0-dev.20260222.1.tgz",
      "integrity": "sha512-bavfJlI3JNH2F/7BX0drZ4JCSjLsCc2Dy5e2s6pc2wuLIzJ6hIjFaXIeB9TDbVYJE+MlLf6rtQF9nP9iSsgk9g==",
      "cpu": [
        "arm"
      ],
      "license": "Apache-2.0",
      "optional": true,
      "os": [
        "linux"
      ]
    },
    "node_modules/@typescript/native-preview-linux-arm64": {
      "version": "7.0.0-dev.20260222.1",
      "resolved": "https://registry.npmjs.org/@typescript/native-preview-linux-arm64/-/native-preview-linux-arm64-7.0.0-dev.20260222.1.tgz",
      "integrity": "sha512-Usm9oJzLPqK7Z7echSSaHnmTXhr3knLXycoyVZwRrmWC33aX2efZb+XrdaV/SMhdYjYHCZ6mE60qcK4nEaXdng==",
      "cpu": [
        "arm64"
      ],
      "license": "Apache-2.0",
      "optional": true,
      "os": [
        "linux"
      ]
    },
    "node_modules/@typescript/native-preview-linux-x64": {
      "version": "7.0.0-dev.20260222.1",
      "resolved": "https://registry.npmjs.org/@typescript/native-preview-linux-x64/-/native-preview-linux-x64-7.0.0-dev.20260222.1.tgz",
      "integrity": "sha512-JaOwNBJ2nA0C/MBfMXilrVNv+hUpIzs7JtpSgpOsXa3Hq7BL2rnoO6WMuCo8IHz7v8+Lr+MPJufXVEHfrOtf5A==",
      "cpu": [
        "x64"
      ],
      "license": "Apache-2.0",
      "optional": true,
      "os": [
        "linux"
      ]
    },
    "node_modules/@typescript/native-preview-win32-arm64": {
      "version": "7.0.0-dev.20260222.1",
      "resolved": "https://registry.npmjs.org/@typescript/native-preview-win32-arm64/-/native-preview-win32-arm64-7.0.0-dev.20260222.1.tgz",
      "integrity": "sha512-Mngr3qdeO7Ey3DtsHe4oqIghXYcjOr9pVQtKXbijfT0slRtVPeF1TmEb/eH+Z+LsY1SOW8c/Cig1G4NDXZnghw==",
      "cpu": [
        "arm64"
      ],
      "license": "Apache-2.0",
      "optional": true,
      "os": [
        "win32"
      ]
    },
    "node_modules/@typescript/native-preview-win32-x64": {
      "version": "7.0.0-dev.20260222.1",
      "resolved": "https://registry.npmjs.org/@typescript/native-preview-win32-x64/-/native-preview-win32-x64-7.0.0-dev.20260222.1.tgz",
      "integrity": "sha512-8Gps/FPcQiyoHeDhRY3RXhJSJwQQuUIP5lepYO3+2xvCPPeeNBoOueiLoGKxno4CYbS4O2fPdVmymboX0ApjZA==",
      "cpu": [
        "x64"
      ],
      "license": "Apache-2.0",
      "optional": true,
      "os": [
        "win32"
      ]
    },
    "node_modules/undici-types": {
      "version": "7.18.2",
      "resolved": "https://registry.npmjs.org/undici-types/-/undici-types-7.18.2.tgz",
      "integrity": "sha512-AsuCzffGHJybSaRrmr5eHr81mwJU3kjw6M+uprWvCXiNeN9SOGwQ3Jn8jb8m3Z6izVgknn1R0FTCEAP2QrLY/w==",
      "license": "MIT"
    }
  }
}
