{
  "name": "instant_runoff",
  "version": "1.0.0",
  "lockfileVersion": 3,
  "requires": true,
  "packages": {
    "": {
      "name": "instant_runoff",
      "version": "1.0.0",
      "license": "ISC",
      "dependencies": {
        "@mdpdf/mdpdf": "^0.1.4"
      }
    },
    "node_modules/@mdpdf/mdpdf": {
      "version": "0.1.4",
      "resolved": "https://registry.npmjs.org/@mdpdf/mdpdf/-/mdpdf-0.1.4.tgz",
      "integrity": "sha512-xGaqXEsuIylP0lQiA17BLb7ERMvcY3VRuyBOGbTRu6TjgrX4BZHPdoi6oUCUOi8sV/vZJYnjy7Xo/b/cX9lzsQ==",
      "license": "MIT",
      "engines": {
        "node": ">= 18.17.0 < 19 || >= 20.3.0 < 21 || >= 21.0.0"
      },
      "optionalDependencies": {
        "@mdpdf/mdpdf-darwin-arm64": "0.1.4",
        "@mdpdf/mdpdf-darwin-x64": "0.1.4",
        "@mdpdf/mdpdf-linux-arm64-gnu": "0.1.4",
        "@mdpdf/mdpdf-linux-x64-gnu": "0.1.4",
        "@mdpdf/mdpdf-linux-x64-musl": "0.1.4",
        "@mdpdf/mdpdf-win32-x64-msvc": "0.1.4"
      }
    },
    "node_modules/@mdpdf/mdpdf-darwin-arm64": {
      "version": "0.1.4",
      "resolved": "https://registry.npmjs.org/@mdpdf/mdpdf-darwin-arm64/-/mdpdf-darwin-arm64-0.1.4.tgz",
      "integrity": "sha512-WVfKlZgboAvudJHCr7PTdGgKNEUIUWwW/Md4MTzXamKfcfvJ6ORm8vQ6wx0jmfjBH1UwjqnINlxxYEUt1Jf7dw==",
      "cpu": [
        "arm64"
      ],
      "license": "MIT",
      "optional": true,
      "os": [
        "darwin"
      ],
      "engines": {
        "node": ">= 18.17.0 < 19 || >= 20.3.0 < 21 || >= 21.0.0"
      }
    },
    "node_modules/@mdpdf/mdpdf-darwin-x64": {
      "version": "0.1.4",
      "resolved": "https://registry.npmjs.org/@mdpdf/mdpdf-darwin-x64/-/mdpdf-darwin-x64-0.1.4.tgz",
      "integrity": "sha512-tDaEuVhuFagWmSJuS44HeG4S2VzsMCV30JaF+1zMGKxnGYtuXEL+q+Lklvt1T6JkaHaZjHVEA5klz1XXTNDDHA==",
      "cpu": [
        "x64"
      ],
      "license": "MIT",
      "optional": true,
      "os": [
        "darwin"
      ],
      "engines": {
        "node": ">= 18.17.0 < 19 || >= 20.3.0 < 21 || >= 21.0.0"
      }
    },
    "node_modules/@mdpdf/mdpdf-linux-arm64-gnu": {
      "version": "0.1.4",
      "resolved": "https://registry.npmjs.org/@mdpdf/mdpdf-linux-arm64-gnu/-/mdpdf-linux-arm64-gnu-0.1.4.tgz",
      "integrity": "sha512-Rhy5DI3uwKNjeS+JW33CZdguFYZ0uRmc5iOLDdHl2bvmDPUzfAQSD1g6KJtqrqyDXbTe2N9jP+NOCVtkOSpw3Q==",
      "cpu": [
        "arm64"
      ],
      "license": "MIT",
      "optional": true,
      "os": [
        "linux"
      ],
      "engines": {
        "node": ">= 18.17.0 < 19 || >= 20.3.0 < 21 || >= 21.0.0"
      }
    },
    "node_modules/@mdpdf/mdpdf-linux-x64-gnu": {
      "version": "0.1.4",
      "resolved": "https://registry.npmjs.org/@mdpdf/mdpdf-linux-x64-gnu/-/mdpdf-linux-x64-gnu-0.1.4.tgz",
      "integrity": "sha512-NWpMYDBr1z59H9GlQdBizI8H8ODygui7j9NHpn2qiMrcnMvPBtmkH84YaXSHSYmUQ41UafRA/bnY5h5tkQb+Bw==",
      "cpu": [
        "x64"
      ],
      "license": "MIT",
      "optional": true,
      "os": [
        "linux"
      ],
      "engines": {
        "node": ">= 18.17.0 < 19 || >= 20.3.0 < 21 || >= 21.0.0"
      }
    },
    "node_modules/@mdpdf/mdpdf-linux-x64-musl": {
      "version": "0.1.4",
      "resolved": "https://registry.npmjs.org/@mdpdf/mdpdf-linux-x64-musl/-/mdpdf-linux-x64-musl-0.1.4.tgz",
      "integrity": "sha512-dwwVfZpNONyYUFkFjrgRq5igEVqCMetkYR+cCmH0fD6b0mq2gsa7/mrSUPZGX5sz/dJ5hePmJb2hRBIL9Fu3yQ==",
      "cpu": [
        "x64"
      ],
      "license": "MIT",
      "optional": true,
      "os": [
        "linux"
      ],
      "engines": {
        "node": ">= 18.17.0 < 19 || >= 20.3.0 < 21 || >= 21.0.0"
      }
    },
    "node_modules/@mdpdf/mdpdf-win32-x64-msvc": {
      "version": "0.1.4",
      "resolved": "https://registry.npmjs.org/@mdpdf/mdpdf-win32-x64-msvc/-/mdpdf-win32-x64-msvc-0.1.4.tgz",
      "integrity": "sha512-NQBTbhbe+i1HjC4F4WXDiYiItBm0j3LFVpz3uaZgz88umF656j0n4YgOeJKRRx6S4k+l3nzvu19GFoR3ocHLdg==",
      "cpu": [
        "x64"
      ],
      "license": "MIT",
      "optional": true,
      "os": [
        "win32"
      ],
      "engines": {
        "node": ">= 18.17.0 < 19 || >= 20.3.0 < 21 || >= 21.0.0"
      }
    }
  }
}
